
Microsoft Visual Studio Solution File, Format Version 12.00
# Visual Studio Version 16
VisualStudioVersion = 16.0.30128.74
MinimumVisualStudioVersion = 10.0.40219.1
Project("{FAE04EC0-301F-11D3-BF4B-00C04F79EFBC}") = "Codility03.1", "Codility03.1\Codility03.1.csproj", "{FE19A529-D4C2-4605-A65E-4DF563AE57DC}"
EndProject
Global
	GlobalSection(SolutionConfigurationPlatforms) = preSolution
		Debug|Any CPU = Debug|Any CPU
		Release|Any CPU = Release|Any CPU
	EndGlobalSection
	GlobalSection(ProjectConfigurationPlatforms) = postSolution
		{FE19A529-D4C2-4605-A65E-4DF563AE57DC}.Debug|Any CPU.ActiveCfg = Debug|Any CPU
		{FE19A529-D4C2-4605-A65E-4DF563AE57DC}.Debug|Any CPU.Build.0 = Debug|Any CPU
		{FE19A529-D4C2-4605-A65E-4DF563AE57DC}.Release|Any CPU.ActiveCfg = Release|Any CPU
		{FE19A529-D4C2-4605-A65E-4DF563AE57DC}.Release|Any CPU.Build.0 = Release|Any CPU
	EndGlobalSection
	GlobalSection(SolutionProperties) = preSolution
		HideSolutionNode = FALSE
	EndGlobalSection
	GlobalSection(ExtensibilityGlobals) = postSolution
		SolutionGuid = {2F147A85-49F4-42D7-900B-F94FCD079D3D}
	EndGlobalSection
EndGlobal
